
Microsoft Visual Studio Solution File, Format Version 12.00
# Visual Studio 2013
VisualStudioVersion = 12.0.30501.0
MinimumVisualStudioVersion = 10.0.40219.1
Project("{FAE04EC0-301F-11D3-BF4B-00C04F79EFBC}") = "NetDevPL.Website", "NetDevPL.Website\NetDevPL.Website.csproj", "{887A8565-4A10-44C8-82EF-F2F2D1D2BFBF}"
EndProject
Project("{FAE04EC0-301F-11D3-BF4B-00C04F79EFBC}") = "NetDevPL.Website.Tests", "NetDevPL.Website.Tests\NetDevPL.Website.Tests.csproj", "{4E1062F6-5364-4421-88DD-5DB84F0BD29E}"
EndProject
Project("{2150E333-8FDC-42A3-9474-1A3956D46DE8}") = "Hosts", "Hosts", "{AA12AF12-667C-44A9-8E54-356195BCDD11}"
EndProject
Project("{2150E333-8FDC-42A3-9474-1A3956D46DE8}") = "Tests", "Tests", "{DF0B3AB4-E52B-4627-B828-86332E8A439A}"
EndProject
Project("{2150E333-8FDC-42A3-9474-1A3956D46DE8}") = "Modules", "Modules", "{4B9E2EA0-0BFD-47D9-86A8-32059F4A1B57}"
EndProject
Project("{FAE04EC0-301F-11D3-BF4B-00C04F79EFBC}") = "NetDevPL.SelfHost", "NetDevPL.SelfHost\NetDevPL.SelfHost.csproj", "{CE33E42F-F4C7-4FA7-9BD6-D92D07264DF0}"
EndProject
Project("{FAE04EC0-301F-11D3-BF4B-00C04F79EFBC}") = "NetDevPL.AspNet", "NetDevPL.AspNet\NetDevPL.AspNet.csproj", "{4B016F75-B563-4782-9D0C-A7ADE7A59221}"
EndProject
Project("{FAE04EC0-301F-11D3-BF4B-00C04F79EFBC}") = "NetDevPL.Modules.Shell", "NetDevPL.Modules.Shell\NetDevPL.Modules.Shell.csproj", "{2ABBEE92-7002-4A3B-8097-6A9A56FA46EE}"
EndProject
Project("{FAE04EC0-301F-11D3-BF4B-00C04F79EFBC}") = "NetDevPL.Modules.Videos", "NetDevPL.Modules.Videos\NetDevPL.Modules.Videos.csproj", "{16289B43-17DB-407D-90F7-A483F8E1D07F}"
EndProject
Project("{2150E333-8FDC-42A3-9474-1A3956D46DE8}") = "Libs", "Libs", "{F877B5EF-3F18-4792-BBEB-23C3E66005EB}"
EndProject
Project("{FAE04EC0-301F-11D3-BF4B-00C04F79EFBC}") = "NetDevPL", "NetDevPL\NetDevPL.csproj", "{06C6797D-844D-4F44-95EE-38CD29A11C1F}"
EndProject
Project("{FAE04EC0-301F-11D3-BF4B-00C04F79EFBC}") = "NetDevPL.Modules.Home", "NetDevPL.Modules.Home\NetDevPL.Modules.Home.csproj", "{2F2B8C1F-65D9-478C-8754-D2B0E220ABC7}"
EndProject
Global
	GlobalSection(SolutionConfigurationPlatforms) = preSolution
		Debug|Any CPU = Debug|Any CPU
		Release|Any CPU = Release|Any CPU
	EndGlobalSection
	GlobalSection(ProjectConfigurationPlatforms) = postSolution
		{887A8565-4A10-44C8-82EF-F2F2D1D2BFBF}.Debug|Any CPU.ActiveCfg = Debug|Any CPU
		{887A8565-4A10-44C8-82EF-F2F2D1D2BFBF}.Debug|Any CPU.Build.0 = Debug|Any CPU
		{887A8565-4A10-44C8-82EF-F2F2D1D2BFBF}.Release|Any CPU.ActiveCfg = Release|Any CPU
		{887A8565-4A10-44C8-82EF-F2F2D1D2BFBF}.Release|Any CPU.Build.0 = Release|Any CPU
		{4E1062F6-5364-4421-88DD-5DB84F0BD29E}.Debug|Any CPU.ActiveCfg = Debug|Any CPU
		{4E1062F6-5364-4421-88DD-5DB84F0BD29E}.Debug|Any CPU.Build.0 = Debug|Any CPU
		{4E1062F6-5364-4421-88DD-5DB84F0BD29E}.Release|Any CPU.ActiveCfg = Release|Any CPU
		{4E1062F6-5364-4421-88DD-5DB84F0BD29E}.Release|Any CPU.Build.0 = Release|Any CPU
		{CE33E42F-F4C7-4FA7-9BD6-D92D07264DF0}.Debug|Any CPU.ActiveCfg = Debug|Any CPU
		{CE33E42F-F4C7-4FA7-9BD6-D92D07264DF0}.Debug|Any CPU.Build.0 = Debug|Any CPU
		{CE33E42F-F4C7-4FA7-9BD6-D92D07264DF0}.Release|Any CPU.ActiveCfg = Release|Any CPU
		{CE33E42F-F4C7-4FA7-9BD6-D92D07264DF0}.Release|Any CPU.Build.0 = Release|Any CPU
		{4B016F75-B563-4782-9D0C-A7ADE7A59221}.Debug|Any CPU.ActiveCfg = Debug|Any CPU
		{4B016F75-B563-4782-9D0C-A7ADE7A59221}.Debug|Any CPU.Build.0 = Debug|Any CPU
		{4B016F75-B563-4782-9D0C-A7ADE7A59221}.Release|Any CPU.ActiveCfg = Release|Any CPU
		{4B016F75-B563-4782-9D0C-A7ADE7A59221}.Release|Any CPU.Build.0 = Release|Any CPU
		{2ABBEE92-7002-4A3B-8097-6A9A56FA46EE}.Debug|Any CPU.ActiveCfg = Debug|Any CPU
		{2ABBEE92-7002-4A3B-8097-6A9A56FA46EE}.Debug|Any CPU.Build.0 = Debug|Any CPU
		{2ABBEE92-7002-4A3B-8097-6A9A56FA46EE}.Release|Any CPU.ActiveCfg = Release|Any CPU
		{2ABBEE92-7002-4A3B-8097-6A9A56FA46EE}.Release|Any CPU.Build.0 = Release|Any CPU
		{16289B43-17DB-407D-90F7-A483F8E1D07F}.Debug|Any CPU.ActiveCfg = Debug|Any CPU
		{16289B43-17DB-407D-90F7-A483F8E1D07F}.Debug|Any CPU.Build.0 = Debug|Any CPU
		{16289B43-17DB-407D-90F7-A483F8E1D07F}.Release|Any CPU.ActiveCfg = Release|Any CPU
		{16289B43-17DB-407D-90F7-A483F8E1D07F}.Release|Any CPU.Build.0 = Release|Any CPU
		{06C6797D-844D-4F44-95EE-38CD29A11C1F}.Debug|Any CPU.ActiveCfg = Debug|Any CPU
		{06C6797D-844D-4F44-95EE-38CD29A11C1F}.Debug|Any CPU.Build.0 = Debug|Any CPU
		{06C6797D-844D-4F44-95EE-38CD29A11C1F}.Release|Any CPU.ActiveCfg = Release|Any CPU
		{06C6797D-844D-4F44-95EE-38CD29A11C1F}.Release|Any CPU.Build.0 = Release|Any CPU
		{2F2B8C1F-65D9-478C-8754-D2B0E220ABC7}.Debug|Any CPU.ActiveCfg = Debug|Any CPU
		{2F2B8C1F-65D9-478C-8754-D2B0E220ABC7}.Debug|Any CPU.Build.0 = Debug|Any CPU
		{2F2B8C1F-65D9-478C-8754-D2B0E220ABC7}.Release|Any CPU.ActiveCfg = Release|Any CPU
		{2F2B8C1F-65D9-478C-8754-D2B0E220ABC7}.Release|Any CPU.Build.0 = Release|Any CPU
	EndGlobalSection
	GlobalSection(SolutionProperties) = preSolution
		HideSolutionNode = FALSE
	EndGlobalSection
	GlobalSection(NestedProjects) = preSolution
		{887A8565-4A10-44C8-82EF-F2F2D1D2BFBF} = {AA12AF12-667C-44A9-8E54-356195BCDD11}
		{4E1062F6-5364-4421-88DD-5DB84F0BD29E} = {DF0B3AB4-E52B-4627-B828-86332E8A439A}
		{CE33E42F-F4C7-4FA7-9BD6-D92D07264DF0} = {AA12AF12-667C-44A9-8E54-356195BCDD11}
		{4B016F75-B563-4782-9D0C-A7ADE7A59221} = {AA12AF12-667C-44A9-8E54-356195BCDD11}
		{2ABBEE92-7002-4A3B-8097-6A9A56FA46EE} = {4B9E2EA0-0BFD-47D9-86A8-32059F4A1B57}
		{16289B43-17DB-407D-90F7-A483F8E1D07F} = {4B9E2EA0-0BFD-47D9-86A8-32059F4A1B57}
		{06C6797D-844D-4F44-95EE-38CD29A11C1F} = {F877B5EF-3F18-4792-BBEB-23C3E66005EB}
		{2F2B8C1F-65D9-478C-8754-D2B0E220ABC7} = {4B9E2EA0-0BFD-47D9-86A8-32059F4A1B57}
	EndGlobalSection
EndGlobal
